// !$*UTF8*$!
{
	archiveVersion = 1;
	classes = {
	};
	objectVersion = 56;
	objects = {

/* Begin PBXBuildFile section */
		349891B97120AFA68E9FCC66 /* Pods_VKappProject.framework in Frameworks */ = {isa = PBXBuildFile; fileRef = 0F4662587E7F97A9F75BC898 /* Pods_VKappProject.framework */; };
		6F1A18252912C80F001F85A2 /* UIViewController+Exstension.swift in Sources */ = {isa = PBXBuildFile; fileRef = 6F1A18242912C80F001F85A2 /* UIViewController+Exstension.swift */; };
		6F1A18342912F28E001F85A2 /* User.swift in Sources */ = {isa = PBXBuildFile; fileRef = 6F1A18332912F28E001F85A2 /* User.swift */; };
		6F1A18362912F299001F85A2 /* Group.swift in Sources */ = {isa = PBXBuildFile; fileRef = 6F1A18352912F299001F85A2 /* Group.swift */; };
		6F1A18382912FA85001F85A2 /* FriendListTableViewController.swift in Sources */ = {isa = PBXBuildFile; fileRef = 6F1A18372912FA85001F85A2 /* FriendListTableViewController.swift */; };
		6F1A183C2912FB7C001F85A2 /* Constants.swift in Sources */ = {isa = PBXBuildFile; fileRef = 6F1A183B2912FB7C001F85A2 /* Constants.swift */; };
		6F1A183E29130469001F85A2 /* GroupsTableViewController.swift in Sources */ = {isa = PBXBuildFile; fileRef = 6F1A183D29130469001F85A2 /* GroupsTableViewController.swift */; };
		6F1A1841291307CC001F85A2 /* FriendListTableViewCell.swift in Sources */ = {isa = PBXBuildFile; fileRef = 6F1A1840291307CC001F85A2 /* FriendListTableViewCell.swift */; };
		6F1A18432913091C001F85A2 /* MyGroupsTableViewCell.swift in Sources */ = {isa = PBXBuildFile; fileRef = 6F1A18422913091C001F85A2 /* MyGroupsTableViewCell.swift */; };
		6F1A184529131201001F85A2 /* FriendCollectionViewController.swift in Sources */ = {isa = PBXBuildFile; fileRef = 6F1A184429131201001F85A2 /* FriendCollectionViewController.swift */; };
		6F1A184729131351001F85A2 /* FriendCollectionViewCell.swift in Sources */ = {isa = PBXBuildFile; fileRef = 6F1A184629131351001F85A2 /* FriendCollectionViewCell.swift */; };
		6F247D7B291D6A4700491C58 /* CustomPopTransitionAnimator.swift in Sources */ = {isa = PBXBuildFile; fileRef = 6F247D7A291D6A4700491C58 /* CustomPopTransitionAnimator.swift */; };
		6F247D7D291D6FFD00491C58 /* CustomPushTransitionAnimator.swift in Sources */ = {isa = PBXBuildFile; fileRef = 6F247D7C291D6FFD00491C58 /* CustomPushTransitionAnimator.swift */; };
		6F247D7F291D70FA00491C58 /* CustomNavigationController.swift in Sources */ = {isa = PBXBuildFile; fileRef = 6F247D7E291D70FA00491C58 /* CustomNavigationController.swift */; };
		6F247D81291DA76700491C58 /* CustomInteractiveTransition.swift in Sources */ = {isa = PBXBuildFile; fileRef = 6F247D80291DA76700491C58 /* CustomInteractiveTransition.swift */; };
		6F422FB5292BEDD2004A78EA /* Session.swift in Sources */ = {isa = PBXBuildFile; fileRef = 6F422FB4292BEDD2004A78EA /* Session.swift */; };
		6F4C9F2F291C426700D608CA /* FriendImagesViewController.swift in Sources */ = {isa = PBXBuildFile; fileRef = 6F4C9F2E291C426700D608CA /* FriendImagesViewController.swift */; };
		6F96DC242919C197006892BD /* NewsViewController.swift in Sources */ = {isa = PBXBuildFile; fileRef = 6F96DC232919C197006892BD /* NewsViewController.swift */; };
		6F96DC262919C295006892BD /* News.swift in Sources */ = {isa = PBXBuildFile; fileRef = 6F96DC252919C294006892BD /* News.swift */; };
		6F96DC282919CCE7006892BD /* NewsTableViewCell.swift in Sources */ = {isa = PBXBuildFile; fileRef = 6F96DC272919CCE7006892BD /* NewsTableViewCell.swift */; };
		6FB91C442935406800C0F3AB /* RealmService.swift in Sources */ = {isa = PBXBuildFile; fileRef = 6FB91C432935406800C0F3AB /* RealmService.swift */; };
		6FC52B3529143AC2006FEFA1 /* AvailableGroupsTableViewController.swift in Sources */ = {isa = PBXBuildFile; fileRef = 6FC52B3429143AC2006FEFA1 /* AvailableGroupsTableViewController.swift */; };
		6FC52B39291440DE006FEFA1 /* AvailableGroupTableViewCell.swift in Sources */ = {isa = PBXBuildFile; fileRef = 6FC52B38291440DE006FEFA1 /* AvailableGroupTableViewCell.swift */; };
		6FC52B3B2914557C006FEFA1 /* ShadowView.swift in Sources */ = {isa = PBXBuildFile; fileRef = 6FC52B3A2914557C006FEFA1 /* ShadowView.swift */; };
		6FC52B3D29147503006FEFA1 /* LikePhotoControl.swift in Sources */ = {isa = PBXBuildFile; fileRef = 6FC52B3C29147503006FEFA1 /* LikePhotoControl.swift */; };
		6FF0734D292D2DEF0030F59F /* AuthorizationViewController.swift in Sources */ = {isa = PBXBuildFile; fileRef = 6FF0734C292D2DEF0030F59F /* AuthorizationViewController.swift */; };
		6FF07352292D579F0030F59F /* VKAPIService.swift in Sources */ = {isa = PBXBuildFile; fileRef = 6FF07351292D579F0030F59F /* VKAPIService.swift */; };
		6FF6B0A8292E72C100EC01C6 /* URLRequest.swift in Sources */ = {isa = PBXBuildFile; fileRef = 6FF6B0A7292E72C100EC01C6 /* URLRequest.swift */; };
		6FF6B0B1292FCB9800EC01C6 /* UIImageView+Exstension.swift in Sources */ = {isa = PBXBuildFile; fileRef = 6FF6B0B0292FCB9800EC01C6 /* UIImageView+Exstension.swift */; };
		6FF6B0B3292FF21B00EC01C6 /* Photo.swift in Sources */ = {isa = PBXBuildFile; fileRef = 6FF6B0B2292FF21B00EC01C6 /* Photo.swift */; };
		6FF6B0B52931223900EC01C6 /* ResponseUser.swift in Sources */ = {isa = PBXBuildFile; fileRef = 6FF6B0B42931223900EC01C6 /* ResponseUser.swift */; };
		6FF6B0B72931226800EC01C6 /* UserItem.swift in Sources */ = {isa = PBXBuildFile; fileRef = 6FF6B0B62931226800EC01C6 /* UserItem.swift */; };
		6FF6B0BA293122FF00EC01C6 /* ResponseGroup.swift in Sources */ = {isa = PBXBuildFile; fileRef = 6FF6B0B9293122FF00EC01C6 /* ResponseGroup.swift */; };
		6FF6B0BC2931239000EC01C6 /* GroupItem.swift in Sources */ = {isa = PBXBuildFile; fileRef = 6FF6B0BB2931239000EC01C6 /* GroupItem.swift */; };
		6FF6B0BE293123CA00EC01C6 /* ResponsePhoto.swift in Sources */ = {isa = PBXBuildFile; fileRef = 6FF6B0BD293123CA00EC01C6 /* ResponsePhoto.swift */; };
		6FF6B0C0293123FC00EC01C6 /* PhotoItem.swift in Sources */ = {isa = PBXBuildFile; fileRef = 6FF6B0BF293123FC00EC01C6 /* PhotoItem.swift */; };
		6FF6B0C22931244300EC01C6 /* Size.swift in Sources */ = {isa = PBXBuildFile; fileRef = 6FF6B0C12931244300EC01C6 /* Size.swift */; };
		6FF6B0C42932482B00EC01C6 /* NetworkServiceProtocol.swift in Sources */ = {isa = PBXBuildFile; fileRef = 6FF6B0C32932482B00EC01C6 /* NetworkServiceProtocol.swift */; };
		6FF6B0C62932492600EC01C6 /* NetworkService.swift in Sources */ = {isa = PBXBuildFile; fileRef = 6FF6B0C52932492600EC01C6 /* NetworkService.swift */; };
		6FFC08E0291034F700AE87B1 /* AppDelegate.swift in Sources */ = {isa = PBXBuildFile; fileRef = 6FFC08DF291034F700AE87B1 /* AppDelegate.swift */; };
		6FFC08E2291034F700AE87B1 /* SceneDelegate.swift in Sources */ = {isa = PBXBuildFile; fileRef = 6FFC08E1291034F700AE87B1 /* SceneDelegate.swift */; };
		6FFC08E4291034F700AE87B1 /* LoginViewController.swift in Sources */ = {isa = PBXBuildFile; fileRef = 6FFC08E3291034F700AE87B1 /* LoginViewController.swift */; };
		6FFC08E9291034F900AE87B1 /* Assets.xcassets in Resources */ = {isa = PBXBuildFile; fileRef = 6FFC08E8291034F900AE87B1 /* Assets.xcassets */; };
		6FFC08EC291034F900AE87B1 /* LaunchScreen.storyboard in Resources */ = {isa = PBXBuildFile; fileRef = 6FFC08EA291034F900AE87B1 /* LaunchScreen.storyboard */; };
		6FFC091629105CF500AE87B1 /* Main.storyboard in Resources */ = {isa = PBXBuildFile; fileRef = 6FFC091529105CF500AE87B1 /* Main.storyboard */; };
		6FFC09182910631200AE87B1 /* Colors.xcassets in Resources */ = {isa = PBXBuildFile; fileRef = 6FFC09172910631200AE87B1 /* Colors.xcassets */; };
		6FFC091E291193E700AE87B1 /* UITextField+Exstension.swift in Sources */ = {isa = PBXBuildFile; fileRef = 6FFC091D291193E700AE87B1 /* UITextField+Exstension.swift */; };
/* End PBXBuildFile section */

/* Begin PBXFileReference section */
		0F4662587E7F97A9F75BC898 /* Pods_VKappProject.framework */ = {isa = PBXFileReference; explicitFileType = wrapper.framework; includeInIndex = 0; path = Pods_VKappProject.framework; sourceTree = BUILT_PRODUCTS_DIR; };
		122B1AAEA054D7A83084AB69 /* Pods-VKappProject.release.xcconfig */ = {isa = PBXFileReference; includeInIndex = 1; lastKnownFileType = text.xcconfig; name = "Pods-VKappProject.release.xcconfig"; path = "Target Support Files/Pods-VKappProject/Pods-VKappProject.release.xcconfig"; sourceTree = "<group>"; };
		539F7A4D5D76EFE07C4D6FB3 /* Pods-VKappProject.debug.xcconfig */ = {isa = PBXFileReference; includeInIndex = 1; lastKnownFileType = text.xcconfig; name = "Pods-VKappProject.debug.xcconfig"; path = "Target Support Files/Pods-VKappProject/Pods-VKappProject.debug.xcconfig"; sourceTree = "<group>"; };
		6F1A18242912C80F001F85A2 /* UIViewController+Exstension.swift */ = {isa = PBXFileReference; lastKnownFileType = sourcecode.swift; path = "UIViewController+Exstension.swift"; sourceTree = "<group>"; };
		6F1A18332912F28E001F85A2 /* User.swift */ = {isa = PBXFileReference; lastKnownFileType = sourcecode.swift; path = User.swift; sourceTree = "<group>"; };
		6F1A18352912F299001F85A2 /* Group.swift */ = {isa = PBXFileReference; lastKnownFileType = sourcecode.swift; path = Group.swift; sourceTree = "<group>"; };
		6F1A18372912FA85001F85A2 /* FriendListTableViewController.swift */ = {isa = PBXFileReference; lastKnownFileType = sourcecode.swift; path = FriendListTableViewController.swift; sourceTree = "<group>"; };
		6F1A183B2912FB7C001F85A2 /* Constants.swift */ = {isa = PBXFileReference; lastKnownFileType = sourcecode.swift; path = Constants.swift; sourceTree = "<group>"; };
		6F1A183D29130469001F85A2 /* GroupsTableViewController.swift */ = {isa = PBXFileReference; lastKnownFileType = sourcecode.swift; path = GroupsTableViewController.swift; sourceTree = "<group>"; };
		6F1A1840291307CC001F85A2 /* FriendListTableViewCell.swift */ = {isa = PBXFileReference; lastKnownFileType = sourcecode.swift; path = FriendListTableViewCell.swift; sourceTree = "<group>"; };
		6F1A18422913091C001F85A2 /* MyGroupsTableViewCell.swift */ = {isa = PBXFileReference; lastKnownFileType = sourcecode.swift; path = MyGroupsTableViewCell.swift; sourceTree = "<group>"; };
		6F1A184429131201001F85A2 /* FriendCollectionViewController.swift */ = {isa = PBXFileReference; lastKnownFileType = sourcecode.swift; path = FriendCollectionViewController.swift; sourceTree = "<group>"; };
		6F1A184629131351001F85A2 /* FriendCollectionViewCell.swift */ = {isa = PBXFileReference; lastKnownFileType = sourcecode.swift; path = FriendCollectionViewCell.swift; sourceTree = "<group>"; };
		6F247D7A291D6A4700491C58 /* CustomPopTransitionAnimator.swift */ = {isa = PBXFileReference; lastKnownFileType = sourcecode.swift; path = CustomPopTransitionAnimator.swift; sourceTree = "<group>"; };
		6F247D7C291D6FFD00491C58 /* CustomPushTransitionAnimator.swift */ = {isa = PBXFileReference; lastKnownFileType = sourcecode.swift; path = CustomPushTransitionAnimator.swift; sourceTree = "<group>"; };
		6F247D7E291D70FA00491C58 /* CustomNavigationController.swift */ = {isa = PBXFileReference; lastKnownFileType = sourcecode.swift; path = CustomNavigationController.swift; sourceTree = "<group>"; };
		6F247D80291DA76700491C58 /* CustomInteractiveTransition.swift */ = {isa = PBXFileReference; lastKnownFileType = sourcecode.swift; path = CustomInteractiveTransition.swift; sourceTree = "<group>"; };
		6F422FB4292BEDD2004A78EA /* Session.swift */ = {isa = PBXFileReference; lastKnownFileType = sourcecode.swift; path = Session.swift; sourceTree = "<group>"; };
		6F4C9F2E291C426700D608CA /* FriendImagesViewController.swift */ = {isa = PBXFileReference; lastKnownFileType = sourcecode.swift; path = FriendImagesViewController.swift; sourceTree = "<group>"; };
		6F96DC232919C197006892BD /* NewsViewController.swift */ = {isa = PBXFileReference; lastKnownFileType = sourcecode.swift; path = NewsViewController.swift; sourceTree = "<group>"; };
		6F96DC252919C294006892BD /* News.swift */ = {isa = PBXFileReference; lastKnownFileType = sourcecode.swift; path = News.swift; sourceTree = "<group>"; };
		6F96DC272919CCE7006892BD /* NewsTableViewCell.swift */ = {isa = PBXFileReference; lastKnownFileType = sourcecode.swift; path = NewsTableViewCell.swift; sourceTree = "<group>"; };
		6FB91C432935406800C0F3AB /* RealmService.swift */ = {isa = PBXFileReference; lastKnownFileType = sourcecode.swift; path = RealmService.swift; sourceTree = "<group>"; };
		6FC52B3429143AC2006FEFA1 /* AvailableGroupsTableViewController.swift */ = {isa = PBXFileReference; lastKnownFileType = sourcecode.swift; path = AvailableGroupsTableViewController.swift; sourceTree = "<group>"; };
		6FC52B38291440DE006FEFA1 /* AvailableGroupTableViewCell.swift */ = {isa = PBXFileReference; lastKnownFileType = sourcecode.swift; path = AvailableGroupTableViewCell.swift; sourceTree = "<group>"; };
		6FC52B3A2914557C006FEFA1 /* ShadowView.swift */ = {isa = PBXFileReference; lastKnownFileType = sourcecode.swift; path = ShadowView.swift; sourceTree = "<group>"; };
		6FC52B3C29147503006FEFA1 /* LikePhotoControl.swift */ = {isa = PBXFileReference; lastKnownFileType = sourcecode.swift; path = LikePhotoControl.swift; sourceTree = "<group>"; };
		6FF0734C292D2DEF0030F59F /* AuthorizationViewController.swift */ = {isa = PBXFileReference; lastKnownFileType = sourcecode.swift; path = AuthorizationViewController.swift; sourceTree = "<group>"; };
		6FF07351292D579F0030F59F /* VKAPIService.swift */ = {isa = PBXFileReference; lastKnownFileType = sourcecode.swift; path = VKAPIService.swift; sourceTree = "<group>"; };
		6FF6B0A7292E72C100EC01C6 /* URLRequest.swift */ = {isa = PBXFileReference; lastKnownFileType = sourcecode.swift; path = URLRequest.swift; sourceTree = "<group>"; };
		6FF6B0B0292FCB9800EC01C6 /* UIImageView+Exstension.swift */ = {isa = PBXFileReference; lastKnownFileType = sourcecode.swift; path = "UIImageView+Exstension.swift"; sourceTree = "<group>"; };
		6FF6B0B2292FF21B00EC01C6 /* Photo.swift */ = {isa = PBXFileReference; lastKnownFileType = sourcecode.swift; path = Photo.swift; sourceTree = "<group>"; };
		6FF6B0B42931223900EC01C6 /* ResponseUser.swift */ = {isa = PBXFileReference; lastKnownFileType = sourcecode.swift; path = ResponseUser.swift; sourceTree = "<group>"; };
		6FF6B0B62931226800EC01C6 /* UserItem.swift */ = {isa = PBXFileReference; lastKnownFileType = sourcecode.swift; path = UserItem.swift; sourceTree = "<group>"; };
		6FF6B0B9293122FF00EC01C6 /* ResponseGroup.swift */ = {isa = PBXFileReference; lastKnownFileType = sourcecode.swift; path = ResponseGroup.swift; sourceTree = "<group>"; };
		6FF6B0BB2931239000EC01C6 /* GroupItem.swift */ = {isa = PBXFileReference; lastKnownFileType = sourcecode.swift; path = GroupItem.swift; sourceTree = "<group>"; };
		6FF6B0BD293123CA00EC01C6 /* ResponsePhoto.swift */ = {isa = PBXFileReference; lastKnownFileType = sourcecode.swift; path = ResponsePhoto.swift; sourceTree = "<group>"; };
		6FF6B0BF293123FC00EC01C6 /* PhotoItem.swift */ = {isa = PBXFileReference; lastKnownFileType = sourcecode.swift; path = PhotoItem.swift; sourceTree = "<group>"; };
		6FF6B0C12931244300EC01C6 /* Size.swift */ = {isa = PBXFileReference; lastKnownFileType = sourcecode.swift; path = Size.swift; sourceTree = "<group>"; };
		6FF6B0C32932482B00EC01C6 /* NetworkServiceProtocol.swift */ = {isa = PBXFileReference; lastKnownFileType = sourcecode.swift; path = NetworkServiceProtocol.swift; sourceTree = "<group>"; };
		6FF6B0C52932492600EC01C6 /* NetworkService.swift */ = {isa = PBXFileReference; lastKnownFileType = sourcecode.swift; path = NetworkService.swift; sourceTree = "<group>"; };
		6FFC08DC291034F700AE87B1 /* VKappProject.app */ = {isa = PBXFileReference; explicitFileType = wrapper.application; includeInIndex = 0; path = VKappProject.app; sourceTree = BUILT_PRODUCTS_DIR; };
		6FFC08DF291034F700AE87B1 /* AppDelegate.swift */ = {isa = PBXFileReference; lastKnownFileType = sourcecode.swift; path = AppDelegate.swift; sourceTree = "<group>"; };
		6FFC08E1291034F700AE87B1 /* SceneDelegate.swift */ = {isa = PBXFileReference; lastKnownFileType = sourcecode.swift; path = SceneDelegate.swift; sourceTree = "<group>"; };
		6FFC08E3291034F700AE87B1 /* LoginViewController.swift */ = {isa = PBXFileReference; lastKnownFileType = sourcecode.swift; path = LoginViewController.swift; sourceTree = "<group>"; };
		6FFC08E8291034F900AE87B1 /* Assets.xcassets */ = {isa = PBXFileReference; lastKnownFileType = folder.assetcatalog; path = Assets.xcassets; sourceTree = "<group>"; };
		6FFC08EB291034F900AE87B1 /* Base */ = {isa = PBXFileReference; lastKnownFileType = file.storyboard; name = Base; path = Base.lproj/LaunchScreen.storyboard; sourceTree = "<group>"; };
		6FFC08ED291034F900AE87B1 /* Info.plist */ = {isa = PBXFileReference; lastKnownFileType = text.plist.xml; path = Info.plist; sourceTree = "<group>"; };
		6FFC091529105CF500AE87B1 /* Main.storyboard */ = {isa = PBXFileReference; fileEncoding = 4; lastKnownFileType = file.storyboard; path = Main.storyboard; sourceTree = "<group>"; };
		6FFC09172910631200AE87B1 /* Colors.xcassets */ = {isa = PBXFileReference; lastKnownFileType = folder.assetcatalog; path = Colors.xcassets; sourceTree = "<group>"; };
		6FFC091D291193E700AE87B1 /* UITextField+Exstension.swift */ = {isa = PBXFileReference; lastKnownFileType = sourcecode.swift; path = "UITextField+Exstension.swift"; sourceTree = "<group>"; };
/* End PBXFileReference section */

/* Begin PBXFrameworksBuildPhase section */
		6FFC08D9291034F700AE87B1 /* Frameworks */ = {
			isa = PBXFrameworksBuildPhase;
			buildActionMask = 2147483647;
			files = (
				349891B97120AFA68E9FCC66 /* Pods_VKappProject.framework in Frameworks */,
			);
			runOnlyForDeploymentPostprocessing = 0;
		};
/* End PBXFrameworksBuildPhase section */

/* Begin PBXGroup section */
		294D2C823F5F2843F36D33FB /* Frameworks */ = {
			isa = PBXGroup;
			children = (
				0F4662587E7F97A9F75BC898 /* Pods_VKappProject.framework */,
			);
			name = Frameworks;
			sourceTree = "<group>";
		};
		6F1A18322912F270001F85A2 /* Model */ = {
			isa = PBXGroup;
			children = (
				6F1A18332912F28E001F85A2 /* User.swift */,
				6FF6B0B42931223900EC01C6 /* ResponseUser.swift */,
				6FF6B0B62931226800EC01C6 /* UserItem.swift */,
				6F1A18352912F299001F85A2 /* Group.swift */,
				6FF6B0B9293122FF00EC01C6 /* ResponseGroup.swift */,
				6FF6B0BB2931239000EC01C6 /* GroupItem.swift */,
				6FF6B0B2292FF21B00EC01C6 /* Photo.swift */,
				6FF6B0BD293123CA00EC01C6 /* ResponsePhoto.swift */,
				6FF6B0BF293123FC00EC01C6 /* PhotoItem.swift */,
				6FF6B0C12931244300EC01C6 /* Size.swift */,
				6F96DC252919C294006892BD /* News.swift */,
				6F422FB4292BEDD2004A78EA /* Session.swift */,
			);
			path = Model;
			sourceTree = "<group>";
		};
		6F1A18392912FACB001F85A2 /* Controllers */ = {
			isa = PBXGroup;
			children = (
				6FFC08E3291034F700AE87B1 /* LoginViewController.swift */,
				6F1A18372912FA85001F85A2 /* FriendListTableViewController.swift */,
				6F1A183D29130469001F85A2 /* GroupsTableViewController.swift */,
				6F1A184429131201001F85A2 /* FriendCollectionViewController.swift */,
				6FC52B3429143AC2006FEFA1 /* AvailableGroupsTableViewController.swift */,
				6FC52B3C29147503006FEFA1 /* LikePhotoControl.swift */,
				6F96DC232919C197006892BD /* NewsViewController.swift */,
				6F4C9F2E291C426700D608CA /* FriendImagesViewController.swift */,
				6F247D7E291D70FA00491C58 /* CustomNavigationController.swift */,
				6FF0734C292D2DEF0030F59F /* AuthorizationViewController.swift */,
			);
			path = Controllers;
			sourceTree = "<group>";
		};
		6F1A183A2912FAE7001F85A2 /* Exstensions */ = {
			isa = PBXGroup;
			children = (
				6F1A18242912C80F001F85A2 /* UIViewController+Exstension.swift */,
				6FFC091D291193E700AE87B1 /* UITextField+Exstension.swift */,
				6FF6B0B0292FCB9800EC01C6 /* UIImageView+Exstension.swift */,
			);
			path = Exstensions;
			sourceTree = "<group>";
		};
		6F1A183F291307AB001F85A2 /* View */ = {
			isa = PBXGroup;
			children = (
				6F1A1840291307CC001F85A2 /* FriendListTableViewCell.swift */,
				6F1A18422913091C001F85A2 /* MyGroupsTableViewCell.swift */,
				6F1A184629131351001F85A2 /* FriendCollectionViewCell.swift */,
				6FC52B38291440DE006FEFA1 /* AvailableGroupTableViewCell.swift */,
				6FC52B3A2914557C006FEFA1 /* ShadowView.swift */,
				6F96DC272919CCE7006892BD /* NewsTableViewCell.swift */,
			);
			path = View;
			sourceTree = "<group>";
		};
		6F247D79291D6A3600491C58 /* Animators */ = {
			isa = PBXGroup;
			children = (
				6F247D7A291D6A4700491C58 /* CustomPopTransitionAnimator.swift */,
				6F247D7C291D6FFD00491C58 /* CustomPushTransitionAnimator.swift */,
			);
			path = Animators;
			sourceTree = "<group>";
		};
		6FF0734E292D44AF0030F59F /* Network */ = {
			isa = PBXGroup;
			children = (
				6FF07351292D579F0030F59F /* VKAPIService.swift */,
				6FF6B0A7292E72C100EC01C6 /* URLRequest.swift */,
				6FF6B0C32932482B00EC01C6 /* NetworkServiceProtocol.swift */,
				6FF6B0C52932492600EC01C6 /* NetworkService.swift */,
				6FB91C432935406800C0F3AB /* RealmService.swift */,
			);
			path = Network;
			sourceTree = "<group>";
		};
		6FFC08D3291034F700AE87B1 = {
			isa = PBXGroup;
			children = (
				6FF0734E292D44AF0030F59F /* Network */,
				6F247D79291D6A3600491C58 /* Animators */,
				6FFC08DE291034F700AE87B1 /* VKappProject */,
				6FFC08DD291034F700AE87B1 /* Products */,
				A0CF7508A108D7E727540C22 /* Pods */,
				294D2C823F5F2843F36D33FB /* Frameworks */,
			);
			sourceTree = "<group>";
		};
		6FFC08DD291034F700AE87B1 /* Products */ = {
			isa = PBXGroup;
			children = (
				6FFC08DC291034F700AE87B1 /* VKappProject.app */,
			);
			name = Products;
			sourceTree = "<group>";
		};
		6FFC08DE291034F700AE87B1 /* VKappProject */ = {
			isa = PBXGroup;
			children = (
				6FFC08DF291034F700AE87B1 /* AppDelegate.swift */,
				6FFC08E1291034F700AE87B1 /* SceneDelegate.swift */,
				6F1A183A2912FAE7001F85A2 /* Exstensions */,
				6F1A18322912F270001F85A2 /* Model */,
				6F1A18392912FACB001F85A2 /* Controllers */,
				6F1A183F291307AB001F85A2 /* View */,
				6F1A183B2912FB7C001F85A2 /* Constants.swift */,
				6F247D80291DA76700491C58 /* CustomInteractiveTransition.swift */,
				6FFC08E8291034F900AE87B1 /* Assets.xcassets */,
				6FFC09172910631200AE87B1 /* Colors.xcassets */,
				6FFC091529105CF500AE87B1 /* Main.storyboard */,
				6FFC08EA291034F900AE87B1 /* LaunchScreen.storyboard */,
				6FFC08ED291034F900AE87B1 /* Info.plist */,
			);
			path = VKappProject;
			sourceTree = "<group>";
		};
		A0CF7508A108D7E727540C22 /* Pods */ = {
			isa = PBXGroup;
			children = (
				539F7A4D5D76EFE07C4D6FB3 /* Pods-VKappProject.debug.xcconfig */,
				122B1AAEA054D7A83084AB69 /* Pods-VKappProject.release.xcconfig */,
			);
			path = Pods;
			sourceTree = "<group>";
		};
/* End PBXGroup section */

/* Begin PBXNativeTarget section */
		6FFC08DB291034F700AE87B1 /* VKappProject */ = {
			isa = PBXNativeTarget;
			buildConfigurationList = 6FFC08F0291034F900AE87B1 /* Build configuration list for PBXNativeTarget "VKappProject" */;
			buildPhases = (
				882D0134C93C896F82449B39 /* [CP] Check Pods Manifest.lock */,
				6FFC08F4291039A300AE87B1 /* SwiftFormat */,
				6FFC08F32910353700AE87B1 /* SwiftLint */,
				6FFC08D8291034F700AE87B1 /* Sources */,
				6FFC08D9291034F700AE87B1 /* Frameworks */,
				6FFC08DA291034F700AE87B1 /* Resources */,
				6A0245460506D1EB36752F3B /* [CP] Embed Pods Frameworks */,
			);
			buildRules = (
			);
			dependencies = (
			);
			name = VKappProject;
			productName = VKappProject;
			productReference = 6FFC08DC291034F700AE87B1 /* VKappProject.app */;
			productType = "com.apple.product-type.application";
		};
/* End PBXNativeTarget section */

/* Begin PBXProject section */
		6FFC08D4291034F700AE87B1 /* Project object */ = {
			isa = PBXProject;
			attributes = {
				BuildIndependentTargetsInParallel = 1;
				LastSwiftUpdateCheck = 1400;
				LastUpgradeCheck = 1400;
				TargetAttributes = {
					6FFC08DB291034F700AE87B1 = {
						CreatedOnToolsVersion = 14.0.1;
					};
				};
			};
			buildConfigurationList = 6FFC08D7291034F700AE87B1 /* Build configuration list for PBXProject "VKappProject" */;
			compatibilityVersion = "Xcode 14.0";
			developmentRegion = en;
			hasScannedForEncodings = 0;
			knownRegions = (
				en,
				Base,
			);
			mainGroup = 6FFC08D3291034F700AE87B1;
			productRefGroup = 6FFC08DD291034F700AE87B1 /* Products */;
			projectDirPath = "";
			projectRoot = "";
			targets = (
				6FFC08DB291034F700AE87B1 /* VKappProject */,
			);
		};
/* End PBXProject section */

/* Begin PBXResourcesBuildPhase section */
		6FFC08DA291034F700AE87B1 /* Resources */ = {
			isa = PBXResourcesBuildPhase;
			buildActionMask = 2147483647;
			files = (
				6FFC091629105CF500AE87B1 /* Main.storyboard in Resources */,
				6FFC09182910631200AE87B1 /* Colors.xcassets in Resources */,
				6FFC08EC291034F900AE87B1 /* LaunchScreen.storyboard in Resources */,
				6FFC08E9291034F900AE87B1 /* Assets.xcassets in Resources */,
			);
			runOnlyForDeploymentPostprocessing = 0;
		};
/* End PBXResourcesBuildPhase section */

/* Begin PBXShellScriptBuildPhase section */
		6A0245460506D1EB36752F3B /* [CP] Embed Pods Frameworks */ = {
			isa = PBXShellScriptBuildPhase;
			buildActionMask = 2147483647;
			files = (
			);
			inputFileListPaths = (
				"${PODS_ROOT}/Target Support Files/Pods-VKappProject/Pods-VKappProject-frameworks-${CONFIGURATION}-input-files.xcfilelist",
			);
			name = "[CP] Embed Pods Frameworks";
			outputFileListPaths = (
				"${PODS_ROOT}/Target Support Files/Pods-VKappProject/Pods-VKappProject-frameworks-${CONFIGURATION}-output-files.xcfilelist",
			);
			runOnlyForDeploymentPostprocessing = 0;
			shellPath = /bin/sh;
			shellScript = "\"${PODS_ROOT}/Target Support Files/Pods-VKappProject/Pods-VKappProject-frameworks.sh\"\n";
			showEnvVarsInLog = 0;
		};
		6FFC08F32910353700AE87B1 /* SwiftLint */ = {
			isa = PBXShellScriptBuildPhase;
			buildActionMask = 2147483647;
			files = (
			);
			inputFileListPaths = (
			);
			inputPaths = (
			);
			name = SwiftLint;
			outputFileListPaths = (
			);
			outputPaths = (
			);
			runOnlyForDeploymentPostprocessing = 0;
			shellPath = /bin/sh;
			shellScript = "export PATH=\"$PATH:/opt/homebrew/bin\"\nif which swiftlint > /dev/null; then\n  swiftlint\nelse\n  echo \"warning: SwiftLint not installed, download from https://github.com/realm/SwiftLint\"\nfi\n";
		};
		6FFC08F4291039A300AE87B1 /* SwiftFormat */ = {
			isa = PBXShellScriptBuildPhase;
			buildActionMask = 2147483647;
			files = (
			);
			inputFileListPaths = (
			);
			inputPaths = (
			);
			name = SwiftFormat;
			outputFileListPaths = (
			);
			outputPaths = (
			);
			runOnlyForDeploymentPostprocessing = 0;
			shellPath = /bin/sh;
			shellScript = "export PATH=\"$PATH:/opt/homebrew/bin\"\nif which swiftformat >/dev/null; then\n  swiftformat .\nelse\n  echo \"warning: SwiftFormat not installed, download from https://github.com/nicklockwood/SwiftFormat\"\nfi\n";
		};
		882D0134C93C896F82449B39 /* [CP] Check Pods Manifest.lock */ = {
			isa = PBXShellScriptBuildPhase;
			buildActionMask = 2147483647;
			files = (
			);
			inputFileListPaths = (
			);
			inputPaths = (
				"${PODS_PODFILE_DIR_PATH}/Podfile.lock",
				"${PODS_ROOT}/Manifest.lock",
			);
			name = "[CP] Check Pods Manifest.lock";
			outputFileListPaths = (
			);
			outputPaths = (
				"$(DERIVED_FILE_DIR)/Pods-VKappProject-checkManifestLockResult.txt",
			);
			runOnlyForDeploymentPostprocessing = 0;
			shellPath = /bin/sh;
			shellScript = "diff \"${PODS_PODFILE_DIR_PATH}/Podfile.lock\" \"${PODS_ROOT}/Manifest.lock\" > /dev/null\nif [ $? != 0 ] ; then\n    # print error to STDERR\n    echo \"error: The sandbox is not in sync with the Podfile.lock. Run 'pod install' or update your CocoaPods installation.\" >&2\n    exit 1\nfi\n# This output is used by Xcode 'outputs' to avoid re-running this script phase.\necho \"SUCCESS\" > \"${SCRIPT_OUTPUT_FILE_0}\"\n";
			showEnvVarsInLog = 0;
		};
/* End PBXShellScriptBuildPhase section */

/* Begin PBXSourcesBuildPhase section */
		6FFC08D8291034F700AE87B1 /* Sources */ = {
			isa = PBXSourcesBuildPhase;
			buildActionMask = 2147483647;
			files = (
				6FF0734D292D2DEF0030F59F /* AuthorizationViewController.swift in Sources */,
				6FC52B3B2914557C006FEFA1 /* ShadowView.swift in Sources */,
				6FF6B0BE293123CA00EC01C6 /* ResponsePhoto.swift in Sources */,
				6F1A18362912F299001F85A2 /* Group.swift in Sources */,
				6FF6B0C42932482B00EC01C6 /* NetworkServiceProtocol.swift in Sources */,
				6F96DC242919C197006892BD /* NewsViewController.swift in Sources */,
				6F1A183E29130469001F85A2 /* GroupsTableViewController.swift in Sources */,
				6FF6B0B72931226800EC01C6 /* UserItem.swift in Sources */,
				6FFC08E4291034F700AE87B1 /* LoginViewController.swift in Sources */,
				6FF6B0BA293122FF00EC01C6 /* ResponseGroup.swift in Sources */,
				6F1A18382912FA85001F85A2 /* FriendListTableViewController.swift in Sources */,
				6FC52B39291440DE006FEFA1 /* AvailableGroupTableViewCell.swift in Sources */,
				6FFC091E291193E700AE87B1 /* UITextField+Exstension.swift in Sources */,
				6FF6B0A8292E72C100EC01C6 /* URLRequest.swift in Sources */,
				6F1A18342912F28E001F85A2 /* User.swift in Sources */,
				6FFC08E0291034F700AE87B1 /* AppDelegate.swift in Sources */,
				6F1A1841291307CC001F85A2 /* FriendListTableViewCell.swift in Sources */,
				6F96DC282919CCE7006892BD /* NewsTableViewCell.swift in Sources */,
				6F1A184529131201001F85A2 /* FriendCollectionViewController.swift in Sources */,
				6FF6B0B52931223900EC01C6 /* ResponseUser.swift in Sources */,
				6FC52B3529143AC2006FEFA1 /* AvailableGroupsTableViewController.swift in Sources */,
				6FF6B0B3292FF21B00EC01C6 /* Photo.swift in Sources */,
				6F1A18252912C80F001F85A2 /* UIViewController+Exstension.swift in Sources */,
				6F1A184729131351001F85A2 /* FriendCollectionViewCell.swift in Sources */,
				6F247D7F291D70FA00491C58 /* CustomNavigationController.swift in Sources */,
				6FF6B0C62932492600EC01C6 /* NetworkService.swift in Sources */,
				6F422FB5292BEDD2004A78EA /* Session.swift in Sources */,
				6FF6B0C22931244300EC01C6 /* Size.swift in Sources */,
				6FC52B3D29147503006FEFA1 /* LikePhotoControl.swift in Sources */,
				6FFC08E2291034F700AE87B1 /* SceneDelegate.swift in Sources */,
				6FF6B0B1292FCB9800EC01C6 /* UIImageView+Exstension.swift in Sources */,
				6F4C9F2F291C426700D608CA /* FriendImagesViewController.swift in Sources */,
				6F247D81291DA76700491C58 /* CustomInteractiveTransition.swift in Sources */,
				6F96DC262919C295006892BD /* News.swift in Sources */,
				6FF07352292D579F0030F59F /* VKAPIService.swift in Sources */,
				6F247D7B291D6A4700491C58 /* CustomPopTransitionAnimator.swift in Sources */,
				6F1A183C2912FB7C001F85A2 /* Constants.swift in Sources */,
				6FB91C442935406800C0F3AB /* RealmService.swift in Sources */,
				6F247D7D291D6FFD00491C58 /* CustomPushTransitionAnimator.swift in Sources */,
				6FF6B0BC2931239000EC01C6 /* GroupItem.swift in Sources */,
				6F1A18432913091C001F85A2 /* MyGroupsTableViewCell.swift in Sources */,
				6FF6B0C0293123FC00EC01C6 /* PhotoItem.swift in Sources */,
			);
			runOnlyForDeploymentPostprocessing = 0;
		};
/* End PBXSourcesBuildPhase section */

/* Begin PBXVariantGroup section */
		6FFC08EA291034F900AE87B1 /* LaunchScreen.storyboard */ = {
			isa = PBXVariantGroup;
			children = (
				6FFC08EB291034F900AE87B1 /* Base */,
			);
			name = LaunchScreen.storyboard;
			sourceTree = "<group>";
		};
/* End PBXVariantGroup section */

/* Begin XCBuildConfiguration section */
		6FFC08EE291034F900AE87B1 /* Debug */ = {
			isa = XCBuildConfiguration;
			buildSettings = {
				ALWAYS_SEARCH_USER_PATHS = NO;
				CLANG_ANALYZER_NONNULL = YES;
				CLANG_ANALYZER_NUMBER_OBJECT_CONVERSION = YES_AGGRESSIVE;
				CLANG_CXX_LANGUAGE_STANDARD = "gnu++20";
				CLANG_ENABLE_MODULES = YES;
				CLANG_ENABLE_OBJC_ARC = YES;
				CLANG_ENABLE_OBJC_WEAK = YES;
				CLANG_WARN_BLOCK_CAPTURE_AUTORELEASING = YES;
				CLANG_WARN_BOOL_CONVERSION = YES;
				CLANG_WARN_COMMA = YES;
				CLANG_WARN_CONSTANT_CONVERSION = YES;
				CLANG_WARN_DEPRECATED_OBJC_IMPLEMENTATIONS = YES;
				CLANG_WARN_DIRECT_OBJC_ISA_USAGE = YES_ERROR;
				CLANG_WARN_DOCUMENTATION_COMMENTS = YES;
				CLANG_WARN_EMPTY_BODY = YES;
				CLANG_WARN_ENUM_CONVERSION = YES;
				CLANG_WARN_INFINITE_RECURSION = YES;
				CLANG_WARN_INT_CONVERSION = YES;
				CLANG_WARN_NON_LITERAL_NULL_CONVERSION = YES;
				CLANG_WARN_OBJC_IMPLICIT_RETAIN_SELF = YES;
				CLANG_WARN_OBJC_LITERAL_CONVERSION = YES;
				CLANG_WARN_OBJC_ROOT_CLASS = YES_ERROR;
				CLANG_WARN_QUOTED_INCLUDE_IN_FRAMEWORK_HEADER = YES;
				CLANG_WARN_RANGE_LOOP_ANALYSIS = YES;
				CLANG_WARN_STRICT_PROTOTYPES = YES;
				CLANG_WARN_SUSPICIOUS_MOVE = YES;
				CLANG_WARN_UNGUARDED_AVAILABILITY = YES_AGGRESSIVE;
				CLANG_WARN_UNREACHABLE_CODE = YES;
				CLANG_WARN__DUPLICATE_METHOD_MATCH = YES;
				COPY_PHASE_STRIP = NO;
				DEBUG_INFORMATION_FORMAT = dwarf;
				ENABLE_STRICT_OBJC_MSGSEND = YES;
				ENABLE_TESTABILITY = YES;
				GCC_C_LANGUAGE_STANDARD = gnu11;
				GCC_DYNAMIC_NO_PIC = NO;
				GCC_NO_COMMON_BLOCKS = YES;
				GCC_OPTIMIZATION_LEVEL = 0;
				GCC_PREPROCESSOR_DEFINITIONS = (
					"DEBUG=1",
					"$(inherited)",
				);
				GCC_WARN_64_TO_32_BIT_CONVERSION = YES;
				GCC_WARN_ABOUT_RETURN_TYPE = YES_ERROR;
				GCC_WARN_UNDECLARED_SELECTOR = YES;
				GCC_WARN_UNINITIALIZED_AUTOS = YES_AGGRESSIVE;
				GCC_WARN_UNUSED_FUNCTION = YES;
				GCC_WARN_UNUSED_VARIABLE = YES;
				IPHONEOS_DEPLOYMENT_TARGET = 15.5;
				MTL_ENABLE_DEBUG_INFO = INCLUDE_SOURCE;
				MTL_FAST_MATH = YES;
				ONLY_ACTIVE_ARCH = YES;
				SDKROOT = iphoneos;
				SWIFT_ACTIVE_COMPILATION_CONDITIONS = DEBUG;
				SWIFT_OPTIMIZATION_LEVEL = "-Onone";
			};
			name = Debug;
		};
		6FFC08EF291034F900AE87B1 /* Release */ = {
			isa = XCBuildConfiguration;
			buildSettings = {
				ALWAYS_SEARCH_USER_PATHS = NO;
				CLANG_ANALYZER_NONNULL = YES;
				CLANG_ANALYZER_NUMBER_OBJECT_CONVERSION = YES_AGGRESSIVE;
				CLANG_CXX_LANGUAGE_STANDARD = "gnu++20";
				CLANG_ENABLE_MODULES = YES;
				CLANG_ENABLE_OBJC_ARC = YES;
				CLANG_ENABLE_OBJC_WEAK = YES;
				CLANG_WARN_BLOCK_CAPTURE_AUTORELEASING = YES;
				CLANG_WARN_BOOL_CONVERSION = YES;
				CLANG_WARN_COMMA = YES;
				CLANG_WARN_CONSTANT_CONVERSION = YES;
				CLANG_WARN_DEPRECATED_OBJC_IMPLEMENTATIONS = YES;
				CLANG_WARN_DIRECT_OBJC_ISA_USAGE = YES_ERROR;
				CLANG_WARN_DOCUMENTATION_COMMENTS = YES;
				CLANG_WARN_EMPTY_BODY = YES;
				CLANG_WARN_ENUM_CONVERSION = YES;
				CLANG_WARN_INFINITE_RECURSION = YES;
				CLANG_WARN_INT_CONVERSION = YES;
				CLANG_WARN_NON_LITERAL_NULL_CONVERSION = YES;
				CLANG_WARN_OBJC_IMPLICIT_RETAIN_SELF = YES;
				CLANG_WARN_OBJC_LITERAL_CONVERSION = YES;
				CLANG_WARN_OBJC_ROOT_CLASS = YES_ERROR;
				CLANG_WARN_QUOTED_INCLUDE_IN_FRAMEWORK_HEADER = YES;
				CLANG_WARN_RANGE_LOOP_ANALYSIS = YES;
				CLANG_WARN_STRICT_PROTOTYPES = YES;
				CLANG_WARN_SUSPICIOUS_MOVE = YES;
				CLANG_WARN_UNGUARDED_AVAILABILITY = YES_AGGRESSIVE;
				CLANG_WARN_UNREACHABLE_CODE = YES;
				CLANG_WARN__DUPLICATE_METHOD_MATCH = YES;
				COPY_PHASE_STRIP = NO;
				DEBUG_INFORMATION_FORMAT = "dwarf-with-dsym";
				ENABLE_NS_ASSERTIONS = NO;
				ENABLE_STRICT_OBJC_MSGSEND = YES;
				GCC_C_LANGUAGE_STANDARD = gnu11;
				GCC_NO_COMMON_BLOCKS = YES;
				GCC_WARN_64_TO_32_BIT_CONVERSION = YES;
				GCC_WARN_ABOUT_RETURN_TYPE = YES_ERROR;
				GCC_WARN_UNDECLARED_SELECTOR = YES;
				GCC_WARN_UNINITIALIZED_AUTOS = YES_AGGRESSIVE;
				GCC_WARN_UNUSED_FUNCTION = YES;
				GCC_WARN_UNUSED_VARIABLE = YES;
				IPHONEOS_DEPLOYMENT_TARGET = 15.5;
				MTL_ENABLE_DEBUG_INFO = NO;
				MTL_FAST_MATH = YES;
				SDKROOT = iphoneos;
				SWIFT_COMPILATION_MODE = wholemodule;
				SWIFT_OPTIMIZATION_LEVEL = "-O";
				VALIDATE_PRODUCT = YES;
			};
			name = Release;
		};
		6FFC08F1291034F900AE87B1 /* Debug */ = {
			isa = XCBuildConfiguration;
			baseConfigurationReference = 539F7A4D5D76EFE07C4D6FB3 /* Pods-VKappProject.debug.xcconfig */;
			buildSettings = {
				ASSETCATALOG_COMPILER_APPICON_NAME = AppIcon;
				ASSETCATALOG_COMPILER_GLOBAL_ACCENT_COLOR_NAME = AccentColor;
				CODE_SIGN_IDENTITY = "Apple Development";
				"CODE_SIGN_IDENTITY[sdk=macosx*]" = "-";
				CODE_SIGN_STYLE = Automatic;
				CURRENT_PROJECT_VERSION = 1;
				DEVELOPMENT_TEAM = J4QD3HTM2M;
				GENERATE_INFOPLIST_FILE = YES;
				INFOPLIST_FILE = VKappProject/Info.plist;
				INFOPLIST_KEY_UIApplicationSupportsIndirectInputEvents = YES;
				INFOPLIST_KEY_UILaunchStoryboardName = LaunchScreen;
				INFOPLIST_KEY_UIMainStoryboardFile = Main;
				INFOPLIST_KEY_UISupportedInterfaceOrientations_iPad = "UIInterfaceOrientationPortrait UIInterfaceOrientationPortraitUpsideDown UIInterfaceOrientationLandscapeLeft UIInterfaceOrientationLandscapeRight";
				INFOPLIST_KEY_UISupportedInterfaceOrientations_iPhone = "UIInterfaceOrientationPortrait UIInterfaceOrientationLandscapeLeft UIInterfaceOrientationLandscapeRight";
				IPHONEOS_DEPLOYMENT_TARGET = 15.5;
				LD_RUNPATH_SEARCH_PATHS = (
					"$(inherited)",
					"@executable_path/Frameworks",
				);
				MACOSX_DEPLOYMENT_TARGET = 13.0;
				MARKETING_VERSION = 1.0;
				PRODUCT_BUNDLE_IDENTIFIER = Shchepelin.VKappProject;
				PRODUCT_NAME = "$(TARGET_NAME)";
				PROVISIONING_PROFILE_SPECIFIER = "";
				SWIFT_EMIT_LOC_STRINGS = YES;
				SWIFT_VERSION = 5.0;
				TARGETED_DEVICE_FAMILY = "1,2";
				TVOS_DEPLOYMENT_TARGET = 15.5;
				WATCHOS_DEPLOYMENT_TARGET = 9.1;
			};
			name = Debug;
		};
		6FFC08F2291034F900AE87B1 /* Release */ = {
			isa = XCBuildConfiguration;
			baseConfigurationReference = 122B1AAEA054D7A83084AB69 /* Pods-VKappProject.release.xcconfig */;
			buildSettings = {
				ASSETCATALOG_COMPILER_APPICON_NAME = AppIcon;
				ASSETCATALOG_COMPILER_GLOBAL_ACCENT_COLOR_NAME = AccentColor;
				CODE_SIGN_IDENTITY = "Apple Development";
				"CODE_SIGN_IDENTITY[sdk=macosx*]" = "-";
				CODE_SIGN_STYLE = Automatic;
				CURRENT_PROJECT_VERSION = 1;
				DEVELOPMENT_TEAM = J4QD3HTM2M;
				GENERATE_INFOPLIST_FILE = YES;
				INFOPLIST_FILE = VKappProject/Info.plist;
				INFOPLIST_KEY_UIApplicationSupportsIndirectInputEvents = YES;
				INFOPLIST_KEY_UILaunchStoryboardName = LaunchScreen;
				INFOPLIST_KEY_UIMainStoryboardFile = Main;
				INFOPLIST_KEY_UISupportedInterfaceOrientations_iPad = "UIInterfaceOrientationPortrait UIInterfaceOrientationPortraitUpsideDown UIInterfaceOrientationLandscapeLeft UIInterfaceOrientationLandscapeRight";
				INFOPLIST_KEY_UISupportedInterfaceOrientations_iPhone = "UIInterfaceOrientationPortrait UIInterfaceOrientationLandscapeLeft UIInterfaceOrientationLandscapeRight";
				IPHONEOS_DEPLOYMENT_TARGET = 15.5;
				LD_RUNPATH_SEARCH_PATHS = (
					"$(inherited)",
					"@executable_path/Frameworks",
				);
				MACOSX_DEPLOYMENT_TARGET = 13.0;
				MARKETING_VERSION = 1.0;
				PRODUCT_BUNDLE_IDENTIFIER = Shchepelin.VKappProject;
				PRODUCT_NAME = "$(TARGET_NAME)";
				PROVISIONING_PROFILE_SPECIFIER = "";
				SWIFT_EMIT_LOC_STRINGS = YES;
				SWIFT_VERSION = 5.0;
				TARGETED_DEVICE_FAMILY = "1,2";
				TVOS_DEPLOYMENT_TARGET = 15.5;
				WATCHOS_DEPLOYMENT_TARGET = 9.1;
			};
			name = Release;
		};
/* End XCBuildConfiguration section */

/* Begin XCConfigurationList section */
		6FFC08D7291034F700AE87B1 /* Build configuration list for PBXProject "VKappProject" */ = {
			isa = XCConfigurationList;
			buildConfigurations = (
				6FFC08EE291034F900AE87B1 /* Debug */,
				6FFC08EF291034F900AE87B1 /* Release */,
			);
			defaultConfigurationIsVisible = 0;
			defaultConfigurationName = Release;
		};
		6FFC08F0291034F900AE87B1 /* Build configuration list for PBXNativeTarget "VKappProject" */ = {
			isa = XCConfigurationList;
			buildConfigurations = (
				6FFC08F1291034F900AE87B1 /* Debug */,
				6FFC08F2291034F900AE87B1 /* Release */,
			);
			defaultConfigurationIsVisible = 0;
			defaultConfigurationName = Release;
		};
/* End XCConfigurationList section */
	};
	rootObject = 6FFC08D4291034F700AE87B1 /* Project object */;
}
