// !$*UTF8*$!
{
	archiveVersion = 1;
	classes = {
	};
	objectVersion = 56;
	objects = {

/* Begin PBXBuildFile section */
		6F1A18252912C80F001F85A2 /* UIViewController+Exstension.swift in Sources */ = {isa = PBXBuildFile; fileRef = 6F1A18242912C80F001F85A2 /* UIViewController+Exstension.swift */; };
		6F1A18342912F28E001F85A2 /* User.swift in Sources */ = {isa = PBXBuildFile; fileRef = 6F1A18332912F28E001F85A2 /* User.swift */; };
		6F1A18362912F299001F85A2 /* Group.swift in Sources */ = {isa = PBXBuildFile; fileRef = 6F1A18352912F299001F85A2 /* Group.swift */; };
		6F1A18382912FA85001F85A2 /* FriendListTableViewController.swift in Sources */ = {isa = PBXBuildFile; fileRef = 6F1A18372912FA85001F85A2 /* FriendListTableViewController.swift */; };
		6F1A183C2912FB7C001F85A2 /* Constants.swift in Sources */ = {isa = PBXBuildFile; fileRef = 6F1A183B2912FB7C001F85A2 /* Constants.swift */; };
		6F1A183E29130469001F85A2 /* GroupsTableViewController.swift in Sources */ = {isa = PBXBuildFile; fileRef = 6F1A183D29130469001F85A2 /* GroupsTableViewController.swift */; };
		6F1A1841291307CC001F85A2 /* FriendListTableViewCell.swift in Sources */ = {isa = PBXBuildFile; fileRef = 6F1A1840291307CC001F85A2 /* FriendListTableViewCell.swift */; };
		6F1A18432913091C001F85A2 /* MyGroupsTableViewCell.swift in Sources */ = {isa = PBXBuildFile; fileRef = 6F1A18422913091C001F85A2 /* MyGroupsTableViewCell.swift */; };
		6F1A184529131201001F85A2 /* FriendCollectionViewController.swift in Sources */ = {isa = PBXBuildFile; fileRef = 6F1A184429131201001F85A2 /* FriendCollectionViewController.swift */; };
		6F1A184729131351001F85A2 /* FriendCollectionViewCell.swift in Sources */ = {isa = PBXBuildFile; fileRef = 6F1A184629131351001F85A2 /* FriendCollectionViewCell.swift */; };
		6F96DC242919C197006892BD /* NewsViewController.swift in Sources */ = {isa = PBXBuildFile; fileRef = 6F96DC232919C197006892BD /* NewsViewController.swift */; };
		6F96DC262919C295006892BD /* News.swift in Sources */ = {isa = PBXBuildFile; fileRef = 6F96DC252919C294006892BD /* News.swift */; };
		6F96DC282919CCE7006892BD /* NewsTableViewCell.swift in Sources */ = {isa = PBXBuildFile; fileRef = 6F96DC272919CCE7006892BD /* NewsTableViewCell.swift */; };
		6FC52B3529143AC2006FEFA1 /* AvailableGroupsTableViewController.swift in Sources */ = {isa = PBXBuildFile; fileRef = 6FC52B3429143AC2006FEFA1 /* AvailableGroupsTableViewController.swift */; };
		6FC52B3729143B40006FEFA1 /* Arrays.swift in Sources */ = {isa = PBXBuildFile; fileRef = 6FC52B3629143B40006FEFA1 /* Arrays.swift */; };
		6FC52B39291440DE006FEFA1 /* AvailableGroupTableViewCell.swift in Sources */ = {isa = PBXBuildFile; fileRef = 6FC52B38291440DE006FEFA1 /* AvailableGroupTableViewCell.swift */; };
		6FC52B3B2914557C006FEFA1 /* ShadowView.swift in Sources */ = {isa = PBXBuildFile; fileRef = 6FC52B3A2914557C006FEFA1 /* ShadowView.swift */; };
		6FC52B3D29147503006FEFA1 /* LikePhotoControl.swift in Sources */ = {isa = PBXBuildFile; fileRef = 6FC52B3C29147503006FEFA1 /* LikePhotoControl.swift */; };
		6FFC08E0291034F700AE87B1 /* AppDelegate.swift in Sources */ = {isa = PBXBuildFile; fileRef = 6FFC08DF291034F700AE87B1 /* AppDelegate.swift */; };
		6FFC08E2291034F700AE87B1 /* SceneDelegate.swift in Sources */ = {isa = PBXBuildFile; fileRef = 6FFC08E1291034F700AE87B1 /* SceneDelegate.swift */; };
		6FFC08E4291034F700AE87B1 /* LoginViewController.swift in Sources */ = {isa = PBXBuildFile; fileRef = 6FFC08E3291034F700AE87B1 /* LoginViewController.swift */; };
		6FFC08E9291034F900AE87B1 /* Assets.xcassets in Resources */ = {isa = PBXBuildFile; fileRef = 6FFC08E8291034F900AE87B1 /* Assets.xcassets */; };
		6FFC08EC291034F900AE87B1 /* LaunchScreen.storyboard in Resources */ = {isa = PBXBuildFile; fileRef = 6FFC08EA291034F900AE87B1 /* LaunchScreen.storyboard */; };
		6FFC091629105CF500AE87B1 /* Main.storyboard in Resources */ = {isa = PBXBuildFile; fileRef = 6FFC091529105CF500AE87B1 /* Main.storyboard */; };
		6FFC09182910631200AE87B1 /* Colors.xcassets in Resources */ = {isa = PBXBuildFile; fileRef = 6FFC09172910631200AE87B1 /* Colors.xcassets */; };
		6FFC091E291193E700AE87B1 /* UITextField+Exstension.swift in Sources */ = {isa = PBXBuildFile; fileRef = 6FFC091D291193E700AE87B1 /* UITextField+Exstension.swift */; };
/* End PBXBuildFile section */

/* Begin PBXFileReference section */
		6F1A18242912C80F001F85A2 /* UIViewController+Exstension.swift */ = {isa = PBXFileReference; lastKnownFileType = sourcecode.swift; path = "UIViewController+Exstension.swift"; sourceTree = "<group>"; };
		6F1A18332912F28E001F85A2 /* User.swift */ = {isa = PBXFileReference; lastKnownFileType = sourcecode.swift; path = User.swift; sourceTree = "<group>"; };
		6F1A18352912F299001F85A2 /* Group.swift */ = {isa = PBXFileReference; lastKnownFileType = sourcecode.swift; path = Group.swift; sourceTree = "<group>"; };
		6F1A18372912FA85001F85A2 /* FriendListTableViewController.swift */ = {isa = PBXFileReference; lastKnownFileType = sourcecode.swift; path = FriendListTableViewController.swift; sourceTree = "<group>"; };
		6F1A183B2912FB7C001F85A2 /* Constants.swift */ = {isa = PBXFileReference; lastKnownFileType = sourcecode.swift; path = Constants.swift; sourceTree = "<group>"; };
		6F1A183D29130469001F85A2 /* GroupsTableViewController.swift */ = {isa = PBXFileReference; lastKnownFileType = sourcecode.swift; path = GroupsTableViewController.swift; sourceTree = "<group>"; };
		6F1A1840291307CC001F85A2 /* FriendListTableViewCell.swift */ = {isa = PBXFileReference; lastKnownFileType = sourcecode.swift; path = FriendListTableViewCell.swift; sourceTree = "<group>"; };
		6F1A18422913091C001F85A2 /* MyGroupsTableViewCell.swift */ = {isa = PBXFileReference; lastKnownFileType = sourcecode.swift; path = MyGroupsTableViewCell.swift; sourceTree = "<group>"; };
		6F1A184429131201001F85A2 /* FriendCollectionViewController.swift */ = {isa = PBXFileReference; lastKnownFileType = sourcecode.swift; path = FriendCollectionViewController.swift; sourceTree = "<group>"; };
		6F1A184629131351001F85A2 /* FriendCollectionViewCell.swift */ = {isa = PBXFileReference; lastKnownFileType = sourcecode.swift; path = FriendCollectionViewCell.swift; sourceTree = "<group>"; };
		6F96DC232919C197006892BD /* NewsViewController.swift */ = {isa = PBXFileReference; lastKnownFileType = sourcecode.swift; path = NewsViewController.swift; sourceTree = "<group>"; };
		6F96DC252919C294006892BD /* News.swift */ = {isa = PBXFileReference; lastKnownFileType = sourcecode.swift; path = News.swift; sourceTree = "<group>"; };
		6F96DC272919CCE7006892BD /* NewsTableViewCell.swift */ = {isa = PBXFileReference; lastKnownFileType = sourcecode.swift; path = NewsTableViewCell.swift; sourceTree = "<group>"; };
		6FC52B3429143AC2006FEFA1 /* AvailableGroupsTableViewController.swift */ = {isa = PBXFileReference; lastKnownFileType = sourcecode.swift; path = AvailableGroupsTableViewController.swift; sourceTree = "<group>"; };
		6FC52B3629143B40006FEFA1 /* Arrays.swift */ = {isa = PBXFileReference; lastKnownFileType = sourcecode.swift; path = Arrays.swift; sourceTree = "<group>"; };
		6FC52B38291440DE006FEFA1 /* AvailableGroupTableViewCell.swift */ = {isa = PBXFileReference; lastKnownFileType = sourcecode.swift; path = AvailableGroupTableViewCell.swift; sourceTree = "<group>"; };
		6FC52B3A2914557C006FEFA1 /* ShadowView.swift */ = {isa = PBXFileReference; lastKnownFileType = sourcecode.swift; path = ShadowView.swift; sourceTree = "<group>"; };
		6FC52B3C29147503006FEFA1 /* LikePhotoControl.swift */ = {isa = PBXFileReference; lastKnownFileType = sourcecode.swift; path = LikePhotoControl.swift; sourceTree = "<group>"; };
		6FFC08DC291034F700AE87B1 /* VKappProject.app */ = {isa = PBXFileReference; explicitFileType = wrapper.application; includeInIndex = 0; path = VKappProject.app; sourceTree = BUILT_PRODUCTS_DIR; };
		6FFC08DF291034F700AE87B1 /* AppDelegate.swift */ = {isa = PBXFileReference; lastKnownFileType = sourcecode.swift; path = AppDelegate.swift; sourceTree = "<group>"; };
		6FFC08E1291034F700AE87B1 /* SceneDelegate.swift */ = {isa = PBXFileReference; lastKnownFileType = sourcecode.swift; path = SceneDelegate.swift; sourceTree = "<group>"; };
		6FFC08E3291034F700AE87B1 /* LoginViewController.swift */ = {isa = PBXFileReference; lastKnownFileType = sourcecode.swift; path = LoginViewController.swift; sourceTree = "<group>"; };
		6FFC08E8291034F900AE87B1 /* Assets.xcassets */ = {isa = PBXFileReference; lastKnownFileType = folder.assetcatalog; path = Assets.xcassets; sourceTree = "<group>"; };
		6FFC08EB291034F900AE87B1 /* Base */ = {isa = PBXFileReference; lastKnownFileType = file.storyboard; name = Base; path = Base.lproj/LaunchScreen.storyboard; sourceTree = "<group>"; };
		6FFC08ED291034F900AE87B1 /* Info.plist */ = {isa = PBXFileReference; lastKnownFileType = text.plist.xml; path = Info.plist; sourceTree = "<group>"; };
		6FFC091529105CF500AE87B1 /* Main.storyboard */ = {isa = PBXFileReference; fileEncoding = 4; lastKnownFileType = file.storyboard; path = Main.storyboard; sourceTree = "<group>"; };
		6FFC09172910631200AE87B1 /* Colors.xcassets */ = {isa = PBXFileReference; lastKnownFileType = folder.assetcatalog; path = Colors.xcassets; sourceTree = "<group>"; };
		6FFC091D291193E700AE87B1 /* UITextField+Exstension.swift */ = {isa = PBXFileReference; lastKnownFileType = sourcecode.swift; path = "UITextField+Exstension.swift"; sourceTree = "<group>"; };
/* End PBXFileReference section */

/* Begin PBXFrameworksBuildPhase section */
		6FFC08D9291034F700AE87B1 /* Frameworks */ = {
			isa = PBXFrameworksBuildPhase;
			buildActionMask = 2147483647;
			files = (
			);
			runOnlyForDeploymentPostprocessing = 0;
		};
/* End PBXFrameworksBuildPhase section */

/* Begin PBXGroup section */
		6F1A18322912F270001F85A2 /* Model */ = {
			isa = PBXGroup;
			children = (
				6F1A18332912F28E001F85A2 /* User.swift */,
				6F1A18352912F299001F85A2 /* Group.swift */,
				6F96DC252919C294006892BD /* News.swift */,
			);
			path = Model;
			sourceTree = "<group>";
		};
		6F1A18392912FACB001F85A2 /* Controllers */ = {
			isa = PBXGroup;
			children = (
				6FFC08E3291034F700AE87B1 /* LoginViewController.swift */,
				6F1A18372912FA85001F85A2 /* FriendListTableViewController.swift */,
				6F1A183D29130469001F85A2 /* GroupsTableViewController.swift */,
				6F1A184429131201001F85A2 /* FriendCollectionViewController.swift */,
				6FC52B3429143AC2006FEFA1 /* AvailableGroupsTableViewController.swift */,
				6FC52B3C29147503006FEFA1 /* LikePhotoControl.swift */,
				6F96DC232919C197006892BD /* NewsViewController.swift */,
			);
			path = Controllers;
			sourceTree = "<group>";
		};
		6F1A183A2912FAE7001F85A2 /* Exstensions */ = {
			isa = PBXGroup;
			children = (
				6F1A18242912C80F001F85A2 /* UIViewController+Exstension.swift */,
				6FFC091D291193E700AE87B1 /* UITextField+Exstension.swift */,
			);
			path = Exstensions;
			sourceTree = "<group>";
		};
		6F1A183F291307AB001F85A2 /* View */ = {
			isa = PBXGroup;
			children = (
				6F1A1840291307CC001F85A2 /* FriendListTableViewCell.swift */,
				6F1A18422913091C001F85A2 /* MyGroupsTableViewCell.swift */,
				6F1A184629131351001F85A2 /* FriendCollectionViewCell.swift */,
				6FC52B38291440DE006FEFA1 /* AvailableGroupTableViewCell.swift */,
				6FC52B3A2914557C006FEFA1 /* ShadowView.swift */,
				6F96DC272919CCE7006892BD /* NewsTableViewCell.swift */,
			);
			path = View;
			sourceTree = "<group>";
		};
		6FFC08D3291034F700AE87B1 = {
			isa = PBXGroup;
			children = (
				6FFC08DE291034F700AE87B1 /* VKappProject */,
				6FFC08DD291034F700AE87B1 /* Products */,
			);
			sourceTree = "<group>";
		};
		6FFC08DD291034F700AE87B1 /* Products */ = {
			isa = PBXGroup;
			children = (
				6FFC08DC291034F700AE87B1 /* VKappProject.app */,
			);
			name = Products;
			sourceTree = "<group>";
		};
		6FFC08DE291034F700AE87B1 /* VKappProject */ = {
			isa = PBXGroup;
			children = (
				6FFC08DF291034F700AE87B1 /* AppDelegate.swift */,
				6FFC08E1291034F700AE87B1 /* SceneDelegate.swift */,
				6F1A183A2912FAE7001F85A2 /* Exstensions */,
				6F1A18322912F270001F85A2 /* Model */,
				6F1A18392912FACB001F85A2 /* Controllers */,
				6F1A183F291307AB001F85A2 /* View */,
				6F1A183B2912FB7C001F85A2 /* Constants.swift */,
				6FC52B3629143B40006FEFA1 /* Arrays.swift */,
				6FFC08E8291034F900AE87B1 /* Assets.xcassets */,
				6FFC09172910631200AE87B1 /* Colors.xcassets */,
				6FFC091529105CF500AE87B1 /* Main.storyboard */,
				6FFC08EA291034F900AE87B1 /* LaunchScreen.storyboard */,
				6FFC08ED291034F900AE87B1 /* Info.plist */,
			);
			path = VKappProject;
			sourceTree = "<group>";
		};
/* End PBXGroup section */

/* Begin PBXNativeTarget section */
		6FFC08DB291034F700AE87B1 /* VKappProject */ = {
			isa = PBXNativeTarget;
			buildConfigurationList = 6FFC08F0291034F900AE87B1 /* Build configuration list for PBXNativeTarget "VKappProject" */;
			buildPhases = (
				6FFC08F4291039A300AE87B1 /* SwiftFormat */,
				6FFC08F32910353700AE87B1 /* SwiftLint */,
				6FFC08D8291034F700AE87B1 /* Sources */,
				6FFC08D9291034F700AE87B1 /* Frameworks */,
				6FFC08DA291034F700AE87B1 /* Resources */,
			);
			buildRules = (
			);
			dependencies = (
			);
			name = VKappProject;
			productName = VKappProject;
			productReference = 6FFC08DC291034F700AE87B1 /* VKappProject.app */;
			productType = "com.apple.product-type.application";
		};
/* End PBXNativeTarget section */

/* Begin PBXProject section */
		6FFC08D4291034F700AE87B1 /* Project object */ = {
			isa = PBXProject;
			attributes = {
				BuildIndependentTargetsInParallel = 1;
				LastSwiftUpdateCheck = 1400;
				LastUpgradeCheck = 1400;
				TargetAttributes = {
					6FFC08DB291034F700AE87B1 = {
						CreatedOnToolsVersion = 14.0.1;
					};
				};
			};
			buildConfigurationList = 6FFC08D7291034F700AE87B1 /* Build configuration list for PBXProject "VKappProject" */;
			compatibilityVersion = "Xcode 14.0";
			developmentRegion = en;
			hasScannedForEncodings = 0;
			knownRegions = (
				en,
				Base,
			);
			mainGroup = 6FFC08D3291034F700AE87B1;
			productRefGroup = 6FFC08DD291034F700AE87B1 /* Products */;
			projectDirPath = "";
			projectRoot = "";
			targets = (
				6FFC08DB291034F700AE87B1 /* VKappProject */,
			);
		};
/* End PBXProject section */

/* Begin PBXResourcesBuildPhase section */
		6FFC08DA291034F700AE87B1 /* Resources */ = {
			isa = PBXResourcesBuildPhase;
			buildActionMask = 2147483647;
			files = (
				6FFC091629105CF500AE87B1 /* Main.storyboard in Resources */,
				6FFC09182910631200AE87B1 /* Colors.xcassets in Resources */,
				6FFC08EC291034F900AE87B1 /* LaunchScreen.storyboard in Resources */,
				6FFC08E9291034F900AE87B1 /* Assets.xcassets in Resources */,
			);
			runOnlyForDeploymentPostprocessing = 0;
		};
/* End PBXResourcesBuildPhase section */

/* Begin PBXShellScriptBuildPhase section */
		6FFC08F32910353700AE87B1 /* SwiftLint */ = {
			isa = PBXShellScriptBuildPhase;
			buildActionMask = 2147483647;
			files = (
			);
			inputFileListPaths = (
			);
			inputPaths = (
			);
			name = SwiftLint;
			outputFileListPaths = (
			);
			outputPaths = (
			);
			runOnlyForDeploymentPostprocessing = 0;
			shellPath = /bin/sh;
			shellScript = "export PATH=\"$PATH:/opt/homebrew/bin\"\nif which swiftlint > /dev/null; then\n  swiftlint\nelse\n  echo \"warning: SwiftLint not installed, download from https://github.com/realm/SwiftLint\"\nfi\n";
		};
		6FFC08F4291039A300AE87B1 /* SwiftFormat */ = {
			isa = PBXShellScriptBuildPhase;
			buildActionMask = 2147483647;
			files = (
			);
			inputFileListPaths = (
			);
			inputPaths = (
			);
			name = SwiftFormat;
			outputFileListPaths = (
			);
			outputPaths = (
			);
			runOnlyForDeploymentPostprocessing = 0;
			shellPath = /bin/sh;
			shellScript = "export PATH=\"$PATH:/opt/homebrew/bin\"\nif which swiftformat >/dev/null; then\n  swiftformat .\nelse\n  echo \"warning: SwiftFormat not installed, download from https://github.com/nicklockwood/SwiftFormat\"\nfi\n";
		};
/* End PBXShellScriptBuildPhase section */

/* Begin PBXSourcesBuildPhase section */
		6FFC08D8291034F700AE87B1 /* Sources */ = {
			isa = PBXSourcesBuildPhase;
			buildActionMask = 2147483647;
			files = (
				6FC52B3B2914557C006FEFA1 /* ShadowView.swift in Sources */,
				6F1A18362912F299001F85A2 /* Group.swift in Sources */,
				6FC52B3729143B40006FEFA1 /* Arrays.swift in Sources */,
				6F96DC242919C197006892BD /* NewsViewController.swift in Sources */,
				6F1A183E29130469001F85A2 /* GroupsTableViewController.swift in Sources */,
				6FFC08E4291034F700AE87B1 /* LoginViewController.swift in Sources */,
				6F1A18382912FA85001F85A2 /* FriendListTableViewController.swift in Sources */,
				6FC52B39291440DE006FEFA1 /* AvailableGroupTableViewCell.swift in Sources */,
				6FFC091E291193E700AE87B1 /* UITextField+Exstension.swift in Sources */,
				6F1A18342912F28E001F85A2 /* User.swift in Sources */,
				6FFC08E0291034F700AE87B1 /* AppDelegate.swift in Sources */,
				6F1A1841291307CC001F85A2 /* FriendListTableViewCell.swift in Sources */,
				6F96DC282919CCE7006892BD /* NewsTableViewCell.swift in Sources */,
				6F1A184529131201001F85A2 /* FriendCollectionViewController.swift in Sources */,
				6FC52B3529143AC2006FEFA1 /* AvailableGroupsTableViewController.swift in Sources */,
				6F1A18252912C80F001F85A2 /* UIViewController+Exstension.swift in Sources */,
				6F1A184729131351001F85A2 /* FriendCollectionViewCell.swift in Sources */,
				6FC52B3D29147503006FEFA1 /* LikePhotoControl.swift in Sources */,
				6FFC08E2291034F700AE87B1 /* SceneDelegate.swift in Sources */,
				6F96DC262919C295006892BD /* News.swift in Sources */,
				6F1A183C2912FB7C001F85A2 /* Constants.swift in Sources */,
				6F1A18432913091C001F85A2 /* MyGroupsTableViewCell.swift in Sources */,
			);
			runOnlyForDeploymentPostprocessing = 0;
		};
/* End PBXSourcesBuildPhase section */

/* Begin PBXVariantGroup section */
		6FFC08EA291034F900AE87B1 /* LaunchScreen.storyboard */ = {
			isa = PBXVariantGroup;
			children = (
				6FFC08EB291034F900AE87B1 /* Base */,
			);
			name = LaunchScreen.storyboard;
			sourceTree = "<group>";
		};
/* End PBXVariantGroup section */

/* Begin XCBuildConfiguration section */
		6FFC08EE291034F900AE87B1 /* Debug */ = {
			isa = XCBuildConfiguration;
			buildSettings = {
				ALWAYS_SEARCH_USER_PATHS = NO;
				CLANG_ANALYZER_NONNULL = YES;
				CLANG_ANALYZER_NUMBER_OBJECT_CONVERSION = YES_AGGRESSIVE;
				CLANG_CXX_LANGUAGE_STANDARD = "gnu++20";
				CLANG_ENABLE_MODULES = YES;
				CLANG_ENABLE_OBJC_ARC = YES;
				CLANG_ENABLE_OBJC_WEAK = YES;
				CLANG_WARN_BLOCK_CAPTURE_AUTORELEASING = YES;
				CLANG_WARN_BOOL_CONVERSION = YES;
				CLANG_WARN_COMMA = YES;
				CLANG_WARN_CONSTANT_CONVERSION = YES;
				CLANG_WARN_DEPRECATED_OBJC_IMPLEMENTATIONS = YES;
				CLANG_WARN_DIRECT_OBJC_ISA_USAGE = YES_ERROR;
				CLANG_WARN_DOCUMENTATION_COMMENTS = YES;
				CLANG_WARN_EMPTY_BODY = YES;
				CLANG_WARN_ENUM_CONVERSION = YES;
				CLANG_WARN_INFINITE_RECURSION = YES;
				CLANG_WARN_INT_CONVERSION = YES;
				CLANG_WARN_NON_LITERAL_NULL_CONVERSION = YES;
				CLANG_WARN_OBJC_IMPLICIT_RETAIN_SELF = YES;
				CLANG_WARN_OBJC_LITERAL_CONVERSION = YES;
				CLANG_WARN_OBJC_ROOT_CLASS = YES_ERROR;
				CLANG_WARN_QUOTED_INCLUDE_IN_FRAMEWORK_HEADER = YES;
				CLANG_WARN_RANGE_LOOP_ANALYSIS = YES;
				CLANG_WARN_STRICT_PROTOTYPES = YES;
				CLANG_WARN_SUSPICIOUS_MOVE = YES;
				CLANG_WARN_UNGUARDED_AVAILABILITY = YES_AGGRESSIVE;
				CLANG_WARN_UNREACHABLE_CODE = YES;
				CLANG_WARN__DUPLICATE_METHOD_MATCH = YES;
				COPY_PHASE_STRIP = NO;
				DEBUG_INFORMATION_FORMAT = dwarf;
				ENABLE_STRICT_OBJC_MSGSEND = YES;
				ENABLE_TESTABILITY = YES;
				GCC_C_LANGUAGE_STANDARD = gnu11;
				GCC_DYNAMIC_NO_PIC = NO;
				GCC_NO_COMMON_BLOCKS = YES;
				GCC_OPTIMIZATION_LEVEL = 0;
				GCC_PREPROCESSOR_DEFINITIONS = (
					"DEBUG=1",
					"$(inherited)",
				);
				GCC_WARN_64_TO_32_BIT_CONVERSION = YES;
				GCC_WARN_ABOUT_RETURN_TYPE = YES_ERROR;
				GCC_WARN_UNDECLARED_SELECTOR = YES;
				GCC_WARN_UNINITIALIZED_AUTOS = YES_AGGRESSIVE;
				GCC_WARN_UNUSED_FUNCTION = YES;
				GCC_WARN_UNUSED_VARIABLE = YES;
				IPHONEOS_DEPLOYMENT_TARGET = 15.5;
				MTL_ENABLE_DEBUG_INFO = INCLUDE_SOURCE;
				MTL_FAST_MATH = YES;
				ONLY_ACTIVE_ARCH = YES;
				SDKROOT = iphoneos;
				SWIFT_ACTIVE_COMPILATION_CONDITIONS = DEBUG;
				SWIFT_OPTIMIZATION_LEVEL = "-Onone";
			};
			name = Debug;
		};
		6FFC08EF291034F900AE87B1 /* Release */ = {
			isa = XCBuildConfiguration;
			buildSettings = {
				ALWAYS_SEARCH_USER_PATHS = NO;
				CLANG_ANALYZER_NONNULL = YES;
				CLANG_ANALYZER_NUMBER_OBJECT_CONVERSION = YES_AGGRESSIVE;
				CLANG_CXX_LANGUAGE_STANDARD = "gnu++20";
				CLANG_ENABLE_MODULES = YES;
				CLANG_ENABLE_OBJC_ARC = YES;
				CLANG_ENABLE_OBJC_WEAK = YES;
				CLANG_WARN_BLOCK_CAPTURE_AUTORELEASING = YES;
				CLANG_WARN_BOOL_CONVERSION = YES;
				CLANG_WARN_COMMA = YES;
				CLANG_WARN_CONSTANT_CONVERSION = YES;
				CLANG_WARN_DEPRECATED_OBJC_IMPLEMENTATIONS = YES;
				CLANG_WARN_DIRECT_OBJC_ISA_USAGE = YES_ERROR;
				CLANG_WARN_DOCUMENTATION_COMMENTS = YES;
				CLANG_WARN_EMPTY_BODY = YES;
				CLANG_WARN_ENUM_CONVERSION = YES;
				CLANG_WARN_INFINITE_RECURSION = YES;
				CLANG_WARN_INT_CONVERSION = YES;
				CLANG_WARN_NON_LITERAL_NULL_CONVERSION = YES;
				CLANG_WARN_OBJC_IMPLICIT_RETAIN_SELF = YES;
				CLANG_WARN_OBJC_LITERAL_CONVERSION = YES;
				CLANG_WARN_OBJC_ROOT_CLASS = YES_ERROR;
				CLANG_WARN_QUOTED_INCLUDE_IN_FRAMEWORK_HEADER = YES;
				CLANG_WARN_RANGE_LOOP_ANALYSIS = YES;
				CLANG_WARN_STRICT_PROTOTYPES = YES;
				CLANG_WARN_SUSPICIOUS_MOVE = YES;
				CLANG_WARN_UNGUARDED_AVAILABILITY = YES_AGGRESSIVE;
				CLANG_WARN_UNREACHABLE_CODE = YES;
				CLANG_WARN__DUPLICATE_METHOD_MATCH = YES;
				COPY_PHASE_STRIP = NO;
				DEBUG_INFORMATION_FORMAT = "dwarf-with-dsym";
				ENABLE_NS_ASSERTIONS = NO;
				ENABLE_STRICT_OBJC_MSGSEND = YES;
				GCC_C_LANGUAGE_STANDARD = gnu11;
				GCC_NO_COMMON_BLOCKS = YES;
				GCC_WARN_64_TO_32_BIT_CONVERSION = YES;
				GCC_WARN_ABOUT_RETURN_TYPE = YES_ERROR;
				GCC_WARN_UNDECLARED_SELECTOR = YES;
				GCC_WARN_UNINITIALIZED_AUTOS = YES_AGGRESSIVE;
				GCC_WARN_UNUSED_FUNCTION = YES;
				GCC_WARN_UNUSED_VARIABLE = YES;
				IPHONEOS_DEPLOYMENT_TARGET = 15.5;
				MTL_ENABLE_DEBUG_INFO = NO;
				MTL_FAST_MATH = YES;
				SDKROOT = iphoneos;
				SWIFT_COMPILATION_MODE = wholemodule;
				SWIFT_OPTIMIZATION_LEVEL = "-O";
				VALIDATE_PRODUCT = YES;
			};
			name = Release;
		};
		6FFC08F1291034F900AE87B1 /* Debug */ = {
			isa = XCBuildConfiguration;
			buildSettings = {
				ASSETCATALOG_COMPILER_APPICON_NAME = AppIcon;
				ASSETCATALOG_COMPILER_GLOBAL_ACCENT_COLOR_NAME = AccentColor;
				CODE_SIGN_IDENTITY = "Apple Development";
				"CODE_SIGN_IDENTITY[sdk=macosx*]" = "-";
				CODE_SIGN_STYLE = Automatic;
				CURRENT_PROJECT_VERSION = 1;
				DEVELOPMENT_TEAM = J4QD3HTM2M;
				GENERATE_INFOPLIST_FILE = YES;
				INFOPLIST_FILE = VKappProject/Info.plist;
				INFOPLIST_KEY_UIApplicationSupportsIndirectInputEvents = YES;
				INFOPLIST_KEY_UILaunchStoryboardName = LaunchScreen;
				INFOPLIST_KEY_UIMainStoryboardFile = Main;
				INFOPLIST_KEY_UISupportedInterfaceOrientations_iPad = "UIInterfaceOrientationPortrait UIInterfaceOrientationPortraitUpsideDown UIInterfaceOrientationLandscapeLeft UIInterfaceOrientationLandscapeRight";
				INFOPLIST_KEY_UISupportedInterfaceOrientations_iPhone = "UIInterfaceOrientationPortrait UIInterfaceOrientationLandscapeLeft UIInterfaceOrientationLandscapeRight";
				IPHONEOS_DEPLOYMENT_TARGET = 15.5;
				LD_RUNPATH_SEARCH_PATHS = (
					"$(inherited)",
					"@executable_path/Frameworks",
				);
				MACOSX_DEPLOYMENT_TARGET = 13.0;
				MARKETING_VERSION = 1.0;
				PRODUCT_BUNDLE_IDENTIFIER = Shchepelin.VKappProject;
				PRODUCT_NAME = "$(TARGET_NAME)";
				PROVISIONING_PROFILE_SPECIFIER = "";
				SWIFT_EMIT_LOC_STRINGS = YES;
				SWIFT_VERSION = 5.0;
				TARGETED_DEVICE_FAMILY = "1,2";
				TVOS_DEPLOYMENT_TARGET = 15.5;
				WATCHOS_DEPLOYMENT_TARGET = 9.1;
			};
			name = Debug;
		};
		6FFC08F2291034F900AE87B1 /* Release */ = {
			isa = XCBuildConfiguration;
			buildSettings = {
				ASSETCATALOG_COMPILER_APPICON_NAME = AppIcon;
				ASSETCATALOG_COMPILER_GLOBAL_ACCENT_COLOR_NAME = AccentColor;
				CODE_SIGN_IDENTITY = "Apple Development";
				"CODE_SIGN_IDENTITY[sdk=macosx*]" = "-";
				CODE_SIGN_STYLE = Automatic;
				CURRENT_PROJECT_VERSION = 1;
				DEVELOPMENT_TEAM = J4QD3HTM2M;
				GENERATE_INFOPLIST_FILE = YES;
				INFOPLIST_FILE = VKappProject/Info.plist;
				INFOPLIST_KEY_UIApplicationSupportsIndirectInputEvents = YES;
				INFOPLIST_KEY_UILaunchStoryboardName = LaunchScreen;
				INFOPLIST_KEY_UIMainStoryboardFile = Main;
				INFOPLIST_KEY_UISupportedInterfaceOrientations_iPad = "UIInterfaceOrientationPortrait UIInterfaceOrientationPortraitUpsideDown UIInterfaceOrientationLandscapeLeft UIInterfaceOrientationLandscapeRight";
				INFOPLIST_KEY_UISupportedInterfaceOrientations_iPhone = "UIInterfaceOrientationPortrait UIInterfaceOrientationLandscapeLeft UIInterfaceOrientationLandscapeRight";
				IPHONEOS_DEPLOYMENT_TARGET = 15.5;
				LD_RUNPATH_SEARCH_PATHS = (
					"$(inherited)",
					"@executable_path/Frameworks",
				);
				MACOSX_DEPLOYMENT_TARGET = 13.0;
				MARKETING_VERSION = 1.0;
				PRODUCT_BUNDLE_IDENTIFIER = Shchepelin.VKappProject;
				PRODUCT_NAME = "$(TARGET_NAME)";
				PROVISIONING_PROFILE_SPECIFIER = "";
				SWIFT_EMIT_LOC_STRINGS = YES;
				SWIFT_VERSION = 5.0;
				TARGETED_DEVICE_FAMILY = "1,2";
				TVOS_DEPLOYMENT_TARGET = 15.5;
				WATCHOS_DEPLOYMENT_TARGET = 9.1;
			};
			name = Release;
		};
/* End XCBuildConfiguration section */

/* Begin XCConfigurationList section */
		6FFC08D7291034F700AE87B1 /* Build configuration list for PBXProject "VKappProject" */ = {
			isa = XCConfigurationList;
			buildConfigurations = (
				6FFC08EE291034F900AE87B1 /* Debug */,
				6FFC08EF291034F900AE87B1 /* Release */,
			);
			defaultConfigurationIsVisible = 0;
			defaultConfigurationName = Release;
		};
		6FFC08F0291034F900AE87B1 /* Build configuration list for PBXNativeTarget "VKappProject" */ = {
			isa = XCConfigurationList;
			buildConfigurations = (
				6FFC08F1291034F900AE87B1 /* Debug */,
				6FFC08F2291034F900AE87B1 /* Release */,
			);
			defaultConfigurationIsVisible = 0;
			defaultConfigurationName = Release;
		};
/* End XCConfigurationList section */
	};
	rootObject = 6FFC08D4291034F700AE87B1 /* Project object */;
}
